
Microsoft Visual Studio Solution File, Format Version 12.00
# Visual Studio Version 17
VisualStudioVersion = 17.3.32922.545
MinimumVisualStudioVersion = 10.0.40219.1
Project("{FAE04EC0-301F-11D3-BF4B-00C04F79EFBC}") = "testlab1", "testlab1\testlab1.csproj", "{4ADBF8A9-57FB-45A2-9E08-EE28BB1C27DD}"
EndProject
Global
	GlobalSection(SolutionConfigurationPlatforms) = preSolution
		Debug|Any CPU = Debug|Any CPU
		Release|Any CPU = Release|Any CPU
	EndGlobalSection
	GlobalSection(ProjectConfigurationPlatforms) = postSolution
		{4ADBF8A9-57FB-45A2-9E08-EE28BB1C27DD}.Debug|Any CPU.ActiveCfg = Debug|Any CPU
		{4ADBF8A9-57FB-45A2-9E08-EE28BB1C27DD}.Debug|Any CPU.Build.0 = Debug|Any CPU
		{4ADBF8A9-57FB-45A2-9E08-EE28BB1C27DD}.Release|Any CPU.ActiveCfg = Release|Any CPU
		{4ADBF8A9-57FB-45A2-9E08-EE28BB1C27DD}.Release|Any CPU.Build.0 = Release|Any CPU
	EndGlobalSection
	GlobalSection(SolutionProperties) = preSolution
		HideSolutionNode = FALSE
	EndGlobalSection
	GlobalSection(ExtensibilityGlobals) = postSolution
		SolutionGuid = {A83CA1E9-CC7A-4FEB-8F46-7C4605AC40E1}
	EndGlobalSection
EndGlobal
